// !$*UTF8*$!
{
	archiveVersion = 1;
	classes = {
	};
	objectVersion = 48;
	objects = {

/* Begin PBXBuildFile section */
		31F475EF517D2CFA329CE27C /* Pods_chatty.framework in Frameworks */ = {isa = PBXBuildFile; fileRef = A6BE708FC242393D413A7D7E /* Pods_chatty.framework */; };
		A12AF1F21F16EA8D00ECD541 /* APIService.swift in Sources */ = {isa = PBXBuildFile; fileRef = A12AF1F11F16EA8D00ECD541 /* APIService.swift */; };
		A14083781F23B8430086AD38 /* GoogleService-Info.plist in Resources */ = {isa = PBXBuildFile; fileRef = A14083771F23B8430086AD38 /* GoogleService-Info.plist */; };
		A1652AE41F1AFF3E00140549 /* Error.swift in Sources */ = {isa = PBXBuildFile; fileRef = A1652AE31F1AFF3E00140549 /* Error.swift */; };
		A1652AE61F1B19AF00140549 /* MainTabBarController.swift in Sources */ = {isa = PBXBuildFile; fileRef = A1652AE51F1B19AF00140549 /* MainTabBarController.swift */; };
		A16658E71F1DBF6A00C98A33 /* UserProfileViewController.swift in Sources */ = {isa = PBXBuildFile; fileRef = A16658E61F1DBF6A00C98A33 /* UserProfileViewController.swift */; };
		A166DF421F11D5A90014C0A5 /* Localizable.strings in Resources */ = {isa = PBXBuildFile; fileRef = A166DF401F11D5A90014C0A5 /* Localizable.strings */; };
		A166DF461F11E47B0014C0A5 /* String.swift in Sources */ = {isa = PBXBuildFile; fileRef = A166DF451F11E47B0014C0A5 /* String.swift */; };
		A166DF481F11E9440014C0A5 /* UIColor.swift in Sources */ = {isa = PBXBuildFile; fileRef = A166DF471F11E9440014C0A5 /* UIColor.swift */; };
		A166DF4A1F129A1E0014C0A5 /* Constants.swift in Sources */ = {isa = PBXBuildFile; fileRef = A166DF491F129A1E0014C0A5 /* Constants.swift */; };
		A166DF4D1F129FC10014C0A5 /* LaunchScreen.storyboard in Resources */ = {isa = PBXBuildFile; fileRef = A166DF4C1F129FC10014C0A5 /* LaunchScreen.storyboard */; };
		A1B374661F186474009866D8 /* FirebaseService.swift in Sources */ = {isa = PBXBuildFile; fileRef = A1B374651F186474009866D8 /* FirebaseService.swift */; };
		A1B374691F186513009866D8 /* chattyTests.swift in Sources */ = {isa = PBXBuildFile; fileRef = A1BD7B391F117A5700E217FC /* chattyTests.swift */; };
		A1BD7B221F117A5600E217FC /* AppDelegate.swift in Sources */ = {isa = PBXBuildFile; fileRef = A1BD7B211F117A5600E217FC /* AppDelegate.swift */; };
		A1BD7B241F117A5600E217FC /* LoginController.swift in Sources */ = {isa = PBXBuildFile; fileRef = A1BD7B231F117A5600E217FC /* LoginController.swift */; };
		A1BD7B2A1F117A5600E217FC /* chatty.xcdatamodeld in Sources */ = {isa = PBXBuildFile; fileRef = A1BD7B281F117A5600E217FC /* chatty.xcdatamodeld */; };
		A1BD7B2C1F117A5600E217FC /* Assets.xcassets in Resources */ = {isa = PBXBuildFile; fileRef = A1BD7B2B1F117A5600E217FC /* Assets.xcassets */; };
		F22C2C65036D4E653FD4FB92 /* Pods_chattyTests.framework in Frameworks */ = {isa = PBXBuildFile; fileRef = 16FF2255DEE6D827A1E02DC4 /* Pods_chattyTests.framework */; };
/* End PBXBuildFile section */

/* Begin PBXContainerItemProxy section */
		A1BD7B361F117A5700E217FC /* PBXContainerItemProxy */ = {
			isa = PBXContainerItemProxy;
			containerPortal = A1BD7B161F117A5600E217FC /* Project object */;
			proxyType = 1;
			remoteGlobalIDString = A1BD7B1D1F117A5600E217FC;
			remoteInfo = chatty;
		};
/* End PBXContainerItemProxy section */

/* Begin PBXFileReference section */
		16FF2255DEE6D827A1E02DC4 /* Pods_chattyTests.framework */ = {isa = PBXFileReference; explicitFileType = wrapper.framework; includeInIndex = 0; path = Pods_chattyTests.framework; sourceTree = BUILT_PRODUCTS_DIR; };
		1CCC2F5A1F0A40193EDE2DFB /* Pods-chattyTests.debug.xcconfig */ = {isa = PBXFileReference; includeInIndex = 1; lastKnownFileType = text.xcconfig; name = "Pods-chattyTests.debug.xcconfig"; path = "Pods/Target Support Files/Pods-chattyTests/Pods-chattyTests.debug.xcconfig"; sourceTree = "<group>"; };
		64ED0C219B918AB667B73FBF /* Pods-chatty.debug.xcconfig */ = {isa = PBXFileReference; includeInIndex = 1; lastKnownFileType = text.xcconfig; name = "Pods-chatty.debug.xcconfig"; path = "Pods/Target Support Files/Pods-chatty/Pods-chatty.debug.xcconfig"; sourceTree = "<group>"; };
		A12AF1F11F16EA8D00ECD541 /* APIService.swift */ = {isa = PBXFileReference; lastKnownFileType = sourcecode.swift; path = APIService.swift; sourceTree = "<group>"; };
		A14083771F23B8430086AD38 /* GoogleService-Info.plist */ = {isa = PBXFileReference; fileEncoding = 4; lastKnownFileType = text.plist.xml; name = "GoogleService-Info.plist"; path = "../../../../../Desktop/GoogleService-Info.plist"; sourceTree = "<group>"; };
		A1652AE31F1AFF3E00140549 /* Error.swift */ = {isa = PBXFileReference; lastKnownFileType = sourcecode.swift; path = Error.swift; sourceTree = "<group>"; };
		A1652AE51F1B19AF00140549 /* MainTabBarController.swift */ = {isa = PBXFileReference; lastKnownFileType = sourcecode.swift; path = MainTabBarController.swift; sourceTree = "<group>"; };
		A16658E61F1DBF6A00C98A33 /* UserProfileViewController.swift */ = {isa = PBXFileReference; lastKnownFileType = sourcecode.swift; path = UserProfileViewController.swift; sourceTree = "<group>"; };
		A166DF411F11D5A90014C0A5 /* Base */ = {isa = PBXFileReference; lastKnownFileType = text.plist.strings; name = Base; path = chatty/Base.lproj/Localizable.strings; sourceTree = SOURCE_ROOT; };
		A166DF451F11E47B0014C0A5 /* String.swift */ = {isa = PBXFileReference; lastKnownFileType = sourcecode.swift; path = String.swift; sourceTree = "<group>"; };
		A166DF471F11E9440014C0A5 /* UIColor.swift */ = {isa = PBXFileReference; lastKnownFileType = sourcecode.swift; path = UIColor.swift; sourceTree = "<group>"; };
		A166DF491F129A1E0014C0A5 /* Constants.swift */ = {isa = PBXFileReference; lastKnownFileType = sourcecode.swift; path = Constants.swift; sourceTree = "<group>"; };
		A166DF4C1F129FC10014C0A5 /* LaunchScreen.storyboard */ = {isa = PBXFileReference; lastKnownFileType = file.storyboard; path = LaunchScreen.storyboard; sourceTree = "<group>"; };
		A1B374651F186474009866D8 /* FirebaseService.swift */ = {isa = PBXFileReference; lastKnownFileType = sourcecode.swift; path = FirebaseService.swift; sourceTree = "<group>"; };
		A1BD7B1E1F117A5600E217FC /* chatty.app */ = {isa = PBXFileReference; explicitFileType = wrapper.application; includeInIndex = 0; path = chatty.app; sourceTree = BUILT_PRODUCTS_DIR; };
		A1BD7B211F117A5600E217FC /* AppDelegate.swift */ = {isa = PBXFileReference; lastKnownFileType = sourcecode.swift; path = AppDelegate.swift; sourceTree = "<group>"; };
		A1BD7B231F117A5600E217FC /* LoginController.swift */ = {isa = PBXFileReference; lastKnownFileType = sourcecode.swift; path = LoginController.swift; sourceTree = "<group>"; };
		A1BD7B291F117A5600E217FC /* chatty.xcdatamodel */ = {isa = PBXFileReference; lastKnownFileType = wrapper.xcdatamodel; path = chatty.xcdatamodel; sourceTree = "<group>"; };
		A1BD7B2B1F117A5600E217FC /* Assets.xcassets */ = {isa = PBXFileReference; lastKnownFileType = folder.assetcatalog; path = Assets.xcassets; sourceTree = "<group>"; };
		A1BD7B301F117A5600E217FC /* Info.plist */ = {isa = PBXFileReference; lastKnownFileType = text.plist.xml; path = Info.plist; sourceTree = "<group>"; };
		A1BD7B351F117A5700E217FC /* chattyTests.xctest */ = {isa = PBXFileReference; explicitFileType = wrapper.cfbundle; includeInIndex = 0; path = chattyTests.xctest; sourceTree = BUILT_PRODUCTS_DIR; };
		A1BD7B391F117A5700E217FC /* chattyTests.swift */ = {isa = PBXFileReference; lastKnownFileType = sourcecode.swift; path = chattyTests.swift; sourceTree = "<group>"; };
		A1BD7B3B1F117A5700E217FC /* Info.plist */ = {isa = PBXFileReference; lastKnownFileType = text.plist.xml; path = Info.plist; sourceTree = "<group>"; };
		A6BE708FC242393D413A7D7E /* Pods_chatty.framework */ = {isa = PBXFileReference; explicitFileType = wrapper.framework; includeInIndex = 0; path = Pods_chatty.framework; sourceTree = BUILT_PRODUCTS_DIR; };
		D4662942735C1DC5FEB224D7 /* Pods-chattyTests.release.xcconfig */ = {isa = PBXFileReference; includeInIndex = 1; lastKnownFileType = text.xcconfig; name = "Pods-chattyTests.release.xcconfig"; path = "Pods/Target Support Files/Pods-chattyTests/Pods-chattyTests.release.xcconfig"; sourceTree = "<group>"; };
		E809C24D72F31C7A57FB7B07 /* Pods-chatty.release.xcconfig */ = {isa = PBXFileReference; includeInIndex = 1; lastKnownFileType = text.xcconfig; name = "Pods-chatty.release.xcconfig"; path = "Pods/Target Support Files/Pods-chatty/Pods-chatty.release.xcconfig"; sourceTree = "<group>"; };
/* End PBXFileReference section */

/* Begin PBXFrameworksBuildPhase section */
		A1BD7B1B1F117A5600E217FC /* Frameworks */ = {
			isa = PBXFrameworksBuildPhase;
			buildActionMask = 2147483647;
			files = (
				31F475EF517D2CFA329CE27C /* Pods_chatty.framework in Frameworks */,
			);
			runOnlyForDeploymentPostprocessing = 0;
		};
		A1BD7B321F117A5700E217FC /* Frameworks */ = {
			isa = PBXFrameworksBuildPhase;
			buildActionMask = 2147483647;
			files = (
				F22C2C65036D4E653FD4FB92 /* Pods_chattyTests.framework in Frameworks */,
			);
			runOnlyForDeploymentPostprocessing = 0;
		};
/* End PBXFrameworksBuildPhase section */

/* Begin PBXGroup section */
		2B83AD7C5202C0D0901A7A3D /* Frameworks */ = {
			isa = PBXGroup;
			children = (
				A6BE708FC242393D413A7D7E /* Pods_chatty.framework */,
				16FF2255DEE6D827A1E02DC4 /* Pods_chattyTests.framework */,
			);
			name = Frameworks;
			sourceTree = "<group>";
		};
		A166DF3D1F11CD110014C0A5 /* Controllers */ = {
			isa = PBXGroup;
			children = (
				A1BD7B231F117A5600E217FC /* LoginController.swift */,
				A1652AE51F1B19AF00140549 /* MainTabBarController.swift */,
				A16658E61F1DBF6A00C98A33 /* UserProfileViewController.swift */,
			);
			path = Controllers;
			sourceTree = "<group>";
		};
		A166DF3E1F11D3680014C0A5 /* Resources */ = {
			isa = PBXGroup;
			children = (
				A166DF401F11D5A90014C0A5 /* Localizable.strings */,
				A166DF491F129A1E0014C0A5 /* Constants.swift */,
				A1BD7B2B1F117A5600E217FC /* Assets.xcassets */,
			);
			path = Resources;
			sourceTree = "<group>";
		};
		A166DF441F11D7D80014C0A5 /* Extensions */ = {
			isa = PBXGroup;
			children = (
				A166DF451F11E47B0014C0A5 /* String.swift */,
				A166DF471F11E9440014C0A5 /* UIColor.swift */,
				A1652AE31F1AFF3E00140549 /* Error.swift */,
			);
			path = Extensions;
			sourceTree = "<group>";
		};
		A166DF4B1F129B410014C0A5 /* Services */ = {
			isa = PBXGroup;
			children = (
				A12AF1F11F16EA8D00ECD541 /* APIService.swift */,
				A1B374651F186474009866D8 /* FirebaseService.swift */,
			);
			path = Services;
			sourceTree = "<group>";
		};
		A18623BE1F131FA0005EABFC /* Admin */ = {
			isa = PBXGroup;
			children = (
				A1BD7B211F117A5600E217FC /* AppDelegate.swift */,
				A1BD7B301F117A5600E217FC /* Info.plist */,
				A166DF4C1F129FC10014C0A5 /* LaunchScreen.storyboard */,
				A1BD7B281F117A5600E217FC /* chatty.xcdatamodeld */,
				A14083771F23B8430086AD38 /* GoogleService-Info.plist */,
			);
			path = Admin;
			sourceTree = "<group>";
		};
		A1BD7B151F117A5600E217FC = {
			isa = PBXGroup;
			children = (
				A1BD7B201F117A5600E217FC /* chatty */,
				A1BD7B381F117A5700E217FC /* chattyTests */,
				A1BD7B1F1F117A5600E217FC /* Products */,
				C42B04BC95DE7C74F865FF65 /* Pods */,
				2B83AD7C5202C0D0901A7A3D /* Frameworks */,
			);
			sourceTree = "<group>";
		};
		A1BD7B1F1F117A5600E217FC /* Products */ = {
			isa = PBXGroup;
			children = (
				A1BD7B1E1F117A5600E217FC /* chatty.app */,
				A1BD7B351F117A5700E217FC /* chattyTests.xctest */,
			);
			name = Products;
			sourceTree = "<group>";
		};
		A1BD7B201F117A5600E217FC /* chatty */ = {
			isa = PBXGroup;
			children = (
				A18623BE1F131FA0005EABFC /* Admin */,
				A166DF3D1F11CD110014C0A5 /* Controllers */,
				A166DF4B1F129B410014C0A5 /* Services */,
				A166DF441F11D7D80014C0A5 /* Extensions */,
				A166DF3E1F11D3680014C0A5 /* Resources */,
			);
			path = chatty;
			sourceTree = "<group>";
		};
		A1BD7B381F117A5700E217FC /* chattyTests */ = {
			isa = PBXGroup;
			children = (
				A1BD7B391F117A5700E217FC /* chattyTests.swift */,
				A1BD7B3B1F117A5700E217FC /* Info.plist */,
			);
			path = chattyTests;
			sourceTree = "<group>";
		};
		C42B04BC95DE7C74F865FF65 /* Pods */ = {
			isa = PBXGroup;
			children = (
				64ED0C219B918AB667B73FBF /* Pods-chatty.debug.xcconfig */,
				E809C24D72F31C7A57FB7B07 /* Pods-chatty.release.xcconfig */,
				1CCC2F5A1F0A40193EDE2DFB /* Pods-chattyTests.debug.xcconfig */,
				D4662942735C1DC5FEB224D7 /* Pods-chattyTests.release.xcconfig */,
			);
			name = Pods;
			sourceTree = "<group>";
		};
/* End PBXGroup section */

/* Begin PBXNativeTarget section */
		A1BD7B1D1F117A5600E217FC /* chatty */ = {
			isa = PBXNativeTarget;
			buildConfigurationList = A1BD7B3E1F117A5700E217FC /* Build configuration list for PBXNativeTarget "chatty" */;
			buildPhases = (
				428AA27DFC300755FEAFEF55 /* [CP] Check Pods Manifest.lock */,
				A1BD7B1A1F117A5600E217FC /* Sources */,
				A1BD7B1B1F117A5600E217FC /* Frameworks */,
				A1BD7B1C1F117A5600E217FC /* Resources */,
				0C6F6A84A9B5DF1E4C541998 /* [CP] Embed Pods Frameworks */,
				E3588917BADB9059ECB1DEED /* [CP] Copy Pods Resources */,
			);
			buildRules = (
			);
			dependencies = (
			);
			name = chatty;
			productName = chatty;
			productReference = A1BD7B1E1F117A5600E217FC /* chatty.app */;
			productType = "com.apple.product-type.application";
		};
		A1BD7B341F117A5700E217FC /* chattyTests */ = {
			isa = PBXNativeTarget;
			buildConfigurationList = A1BD7B411F117A5700E217FC /* Build configuration list for PBXNativeTarget "chattyTests" */;
			buildPhases = (
				059716DCDDF82E44AC44CD52 /* [CP] Check Pods Manifest.lock */,
				A1BD7B311F117A5700E217FC /* Sources */,
				A1BD7B321F117A5700E217FC /* Frameworks */,
				A1BD7B331F117A5700E217FC /* Resources */,
				7C2031F190DC30E90F46A6AA /* [CP] Embed Pods Frameworks */,
				8F472A6486B98977325B68F9 /* [CP] Copy Pods Resources */,
			);
			buildRules = (
			);
			dependencies = (
				A1BD7B371F117A5700E217FC /* PBXTargetDependency */,
			);
			name = chattyTests;
			productName = chattyTests;
			productReference = A1BD7B351F117A5700E217FC /* chattyTests.xctest */;
			productType = "com.apple.product-type.bundle.unit-test";
		};
/* End PBXNativeTarget section */

/* Begin PBXProject section */
		A1BD7B161F117A5600E217FC /* Project object */ = {
			isa = PBXProject;
			attributes = {
				LastSwiftUpdateCheck = 0900;
				LastUpgradeCheck = 0900;
				ORGANIZATIONNAME = xTech;
				TargetAttributes = {
					A1BD7B1D1F117A5600E217FC = {
						CreatedOnToolsVersion = 9.0;
					};
					A1BD7B341F117A5700E217FC = {
						CreatedOnToolsVersion = 9.0;
						TestTargetID = A1BD7B1D1F117A5600E217FC;
					};
				};
			};
			buildConfigurationList = A1BD7B191F117A5600E217FC /* Build configuration list for PBXProject "chatty" */;
			compatibilityVersion = "Xcode 8.0";
			developmentRegion = en;
			hasScannedForEncodings = 0;
			knownRegions = (
				Base,
			);
			mainGroup = A1BD7B151F117A5600E217FC;
			productRefGroup = A1BD7B1F1F117A5600E217FC /* Products */;
			projectDirPath = "";
			projectRoot = "";
			targets = (
				A1BD7B1D1F117A5600E217FC /* chatty */,
				A1BD7B341F117A5700E217FC /* chattyTests */,
			);
		};
/* End PBXProject section */

/* Begin PBXResourcesBuildPhase section */
		A1BD7B1C1F117A5600E217FC /* Resources */ = {
			isa = PBXResourcesBuildPhase;
			buildActionMask = 2147483647;
			files = (
				A166DF4D1F129FC10014C0A5 /* LaunchScreen.storyboard in Resources */,
				A14083781F23B8430086AD38 /* GoogleService-Info.plist in Resources */,
				A166DF421F11D5A90014C0A5 /* Localizable.strings in Resources */,
				A1BD7B2C1F117A5600E217FC /* Assets.xcassets in Resources */,
			);
			runOnlyForDeploymentPostprocessing = 0;
		};
		A1BD7B331F117A5700E217FC /* Resources */ = {
			isa = PBXResourcesBuildPhase;
			buildActionMask = 2147483647;
			files = (
			);
			runOnlyForDeploymentPostprocessing = 0;
		};
/* End PBXResourcesBuildPhase section */

/* Begin PBXShellScriptBuildPhase section */
		059716DCDDF82E44AC44CD52 /* [CP] Check Pods Manifest.lock */ = {
			isa = PBXShellScriptBuildPhase;
			buildActionMask = 2147483647;
			files = (
			);
			inputPaths = (
			);
			name = "[CP] Check Pods Manifest.lock";
			outputPaths = (
			);
			runOnlyForDeploymentPostprocessing = 0;
			shellPath = /bin/sh;
			shellScript = "diff \"${PODS_ROOT}/../Podfile.lock\" \"${PODS_ROOT}/Manifest.lock\" > /dev/null\nif [ $? != 0 ] ; then\n    # print error to STDERR\n    echo \"error: The sandbox is not in sync with the Podfile.lock. Run 'pod install' or update your CocoaPods installation.\" >&2\n    exit 1\nfi\n";
			showEnvVarsInLog = 0;
		};
		0C6F6A84A9B5DF1E4C541998 /* [CP] Embed Pods Frameworks */ = {
			isa = PBXShellScriptBuildPhase;
			buildActionMask = 2147483647;
			files = (
			);
			inputPaths = (
			);
			name = "[CP] Embed Pods Frameworks";
			outputPaths = (
			);
			runOnlyForDeploymentPostprocessing = 0;
			shellPath = /bin/sh;
			shellScript = "\"${SRCROOT}/Pods/Target Support Files/Pods-chatty/Pods-chatty-frameworks.sh\"\n";
			showEnvVarsInLog = 0;
		};
		428AA27DFC300755FEAFEF55 /* [CP] Check Pods Manifest.lock */ = {
			isa = PBXShellScriptBuildPhase;
			buildActionMask = 2147483647;
			files = (
			);
			inputPaths = (
			);
			name = "[CP] Check Pods Manifest.lock";
			outputPaths = (
			);
			runOnlyForDeploymentPostprocessing = 0;
			shellPath = /bin/sh;
			shellScript = "diff \"${PODS_ROOT}/../Podfile.lock\" \"${PODS_ROOT}/Manifest.lock\" > /dev/null\nif [ $? != 0 ] ; then\n    # print error to STDERR\n    echo \"error: The sandbox is not in sync with the Podfile.lock. Run 'pod install' or update your CocoaPods installation.\" >&2\n    exit 1\nfi\n";
			showEnvVarsInLog = 0;
		};
		7C2031F190DC30E90F46A6AA /* [CP] Embed Pods Frameworks */ = {
			isa = PBXShellScriptBuildPhase;
			buildActionMask = 2147483647;
			files = (
			);
			inputPaths = (
			);
			name = "[CP] Embed Pods Frameworks";
			outputPaths = (
			);
			runOnlyForDeploymentPostprocessing = 0;
			shellPath = /bin/sh;
			shellScript = "\"${SRCROOT}/Pods/Target Support Files/Pods-chattyTests/Pods-chattyTests-frameworks.sh\"\n";
			showEnvVarsInLog = 0;
		};
		8F472A6486B98977325B68F9 /* [CP] Copy Pods Resources */ = {
			isa = PBXShellScriptBuildPhase;
			buildActionMask = 2147483647;
			files = (
			);
			inputPaths = (
			);
			name = "[CP] Copy Pods Resources";
			outputPaths = (
			);
			runOnlyForDeploymentPostprocessing = 0;
			shellPath = /bin/sh;
			shellScript = "\"${SRCROOT}/Pods/Target Support Files/Pods-chattyTests/Pods-chattyTests-resources.sh\"\n";
			showEnvVarsInLog = 0;
		};
		E3588917BADB9059ECB1DEED /* [CP] Copy Pods Resources */ = {
			isa = PBXShellScriptBuildPhase;
			buildActionMask = 2147483647;
			files = (
			);
			inputPaths = (
			);
			name = "[CP] Copy Pods Resources";
			outputPaths = (
			);
			runOnlyForDeploymentPostprocessing = 0;
			shellPath = /bin/sh;
			shellScript = "\"${SRCROOT}/Pods/Target Support Files/Pods-chatty/Pods-chatty-resources.sh\"\n";
			showEnvVarsInLog = 0;
		};
/* End PBXShellScriptBuildPhase section */

/* Begin PBXSourcesBuildPhase section */
		A1BD7B1A1F117A5600E217FC /* Sources */ = {
			isa = PBXSourcesBuildPhase;
			buildActionMask = 2147483647;
			files = (
				A1BD7B241F117A5600E217FC /* LoginController.swift in Sources */,
				A12AF1F21F16EA8D00ECD541 /* APIService.swift in Sources */,
				A16658E71F1DBF6A00C98A33 /* UserProfileViewController.swift in Sources */,
				A1B374661F186474009866D8 /* FirebaseService.swift in Sources */,
				A1BD7B221F117A5600E217FC /* AppDelegate.swift in Sources */,
				A1652AE61F1B19AF00140549 /* MainTabBarController.swift in Sources */,
				A166DF461F11E47B0014C0A5 /* String.swift in Sources */,
				A1BD7B2A1F117A5600E217FC /* chatty.xcdatamodeld in Sources */,
				A166DF481F11E9440014C0A5 /* UIColor.swift in Sources */,
				A1652AE41F1AFF3E00140549 /* Error.swift in Sources */,
				A166DF4A1F129A1E0014C0A5 /* Constants.swift in Sources */,
			);
			runOnlyForDeploymentPostprocessing = 0;
		};
		A1BD7B311F117A5700E217FC /* Sources */ = {
			isa = PBXSourcesBuildPhase;
			buildActionMask = 2147483647;
			files = (
				A1B374691F186513009866D8 /* chattyTests.swift in Sources */,
			);
			runOnlyForDeploymentPostprocessing = 0;
		};
/* End PBXSourcesBuildPhase section */

/* Begin PBXTargetDependency section */
		A1BD7B371F117A5700E217FC /* PBXTargetDependency */ = {
			isa = PBXTargetDependency;
			target = A1BD7B1D1F117A5600E217FC /* chatty */;
			targetProxy = A1BD7B361F117A5700E217FC /* PBXContainerItemProxy */;
		};
/* End PBXTargetDependency section */

/* Begin PBXVariantGroup section */
		A166DF401F11D5A90014C0A5 /* Localizable.strings */ = {
			isa = PBXVariantGroup;
			children = (
				A166DF411F11D5A90014C0A5 /* Base */,
			);
			name = Localizable.strings;
			sourceTree = "<group>";
		};
/* End PBXVariantGroup section */

/* Begin XCBuildConfiguration section */
		A1BD7B3C1F117A5700E217FC /* Debug */ = {
			isa = XCBuildConfiguration;
			buildSettings = {
				ALWAYS_SEARCH_USER_PATHS = NO;
				CLANG_ANALYZER_LOCALIZABILITY_NONLOCALIZED = YES;
				CLANG_ANALYZER_NONNULL = YES;
				CLANG_ANALYZER_NUMBER_OBJECT_CONVERSION = YES_AGGRESSIVE;
				CLANG_CXX_LANGUAGE_STANDARD = "gnu++14";
				CLANG_CXX_LIBRARY = "libc++";
				CLANG_ENABLE_MODULES = YES;
				CLANG_ENABLE_OBJC_ARC = YES;
				CLANG_WARN_BLOCK_CAPTURE_AUTORELEASING = YES;
				CLANG_WARN_BOOL_CONVERSION = YES;
				CLANG_WARN_COMMA = YES;
				CLANG_WARN_CONSTANT_CONVERSION = YES;
				CLANG_WARN_DIRECT_OBJC_ISA_USAGE = YES_ERROR;
				CLANG_WARN_DOCUMENTATION_COMMENTS = YES;
				CLANG_WARN_EMPTY_BODY = YES;
				CLANG_WARN_ENUM_CONVERSION = YES;
				CLANG_WARN_INFINITE_RECURSION = YES;
				CLANG_WARN_INT_CONVERSION = YES;
				CLANG_WARN_NON_LITERAL_NULL_CONVERSION = YES;
				CLANG_WARN_OBJC_LITERAL_CONVERSION = YES;
				CLANG_WARN_OBJC_ROOT_CLASS = YES_ERROR;
				CLANG_WARN_RANGE_LOOP_ANALYSIS = YES;
				CLANG_WARN_STRICT_PROTOTYPES = YES;
				CLANG_WARN_SUSPICIOUS_MOVE = YES;
				CLANG_WARN_UNGUARDED_AVAILABILITY = YES_AGGRESSIVE;
				CLANG_WARN_UNREACHABLE_CODE = YES;
				CLANG_WARN__DUPLICATE_METHOD_MATCH = YES;
				CODE_SIGN_IDENTITY = "iPhone Developer";
				COPY_PHASE_STRIP = NO;
				DEBUG_INFORMATION_FORMAT = dwarf;
				ENABLE_STRICT_OBJC_MSGSEND = YES;
				ENABLE_TESTABILITY = YES;
				GCC_C_LANGUAGE_STANDARD = gnu11;
				GCC_DYNAMIC_NO_PIC = NO;
				GCC_NO_COMMON_BLOCKS = YES;
				GCC_OPTIMIZATION_LEVEL = 0;
				GCC_PREPROCESSOR_DEFINITIONS = (
					"DEBUG=1",
					"$(inherited)",
				);
				GCC_WARN_64_TO_32_BIT_CONVERSION = YES;
				GCC_WARN_ABOUT_RETURN_TYPE = YES_ERROR;
				GCC_WARN_UNDECLARED_SELECTOR = YES;
				GCC_WARN_UNINITIALIZED_AUTOS = YES_AGGRESSIVE;
				GCC_WARN_UNUSED_FUNCTION = YES;
				GCC_WARN_UNUSED_VARIABLE = YES;
				IPHONEOS_DEPLOYMENT_TARGET = 10.2;
				MTL_ENABLE_DEBUG_INFO = YES;
				ONLY_ACTIVE_ARCH = YES;
				SDKROOT = iphoneos;
				SWIFT_ACTIVE_COMPILATION_CONDITIONS = DEBUG;
				SWIFT_OPTIMIZATION_LEVEL = "-Onone";
			};
			name = Debug;
		};
		A1BD7B3D1F117A5700E217FC /* Release */ = {
			isa = XCBuildConfiguration;
			buildSettings = {
				ALWAYS_SEARCH_USER_PATHS = NO;
				CLANG_ANALYZER_LOCALIZABILITY_NONLOCALIZED = YES;
				CLANG_ANALYZER_NONNULL = YES;
				CLANG_ANALYZER_NUMBER_OBJECT_CONVERSION = YES_AGGRESSIVE;
				CLANG_CXX_LANGUAGE_STANDARD = "gnu++14";
				CLANG_CXX_LIBRARY = "libc++";
				CLANG_ENABLE_MODULES = YES;
				CLANG_ENABLE_OBJC_ARC = YES;
				CLANG_WARN_BLOCK_CAPTURE_AUTORELEASING = YES;
				CLANG_WARN_BOOL_CONVERSION = YES;
				CLANG_WARN_COMMA = YES;
				CLANG_WARN_CONSTANT_CONVERSION = YES;
				CLANG_WARN_DIRECT_OBJC_ISA_USAGE = YES_ERROR;
				CLANG_WARN_DOCUMENTATION_COMMENTS = YES;
				CLANG_WARN_EMPTY_BODY = YES;
				CLANG_WARN_ENUM_CONVERSION = YES;
				CLANG_WARN_INFINITE_RECURSION = YES;
				CLANG_WARN_INT_CONVERSION = YES;
				CLANG_WARN_NON_LITERAL_NULL_CONVERSION = YES;
				CLANG_WARN_OBJC_LITERAL_CONVERSION = YES;
				CLANG_WARN_OBJC_ROOT_CLASS = YES_ERROR;
				CLANG_WARN_RANGE_LOOP_ANALYSIS = YES;
				CLANG_WARN_STRICT_PROTOTYPES = YES;
				CLANG_WARN_SUSPICIOUS_MOVE = YES;
				CLANG_WARN_UNGUARDED_AVAILABILITY = YES_AGGRESSIVE;
				CLANG_WARN_UNREACHABLE_CODE = YES;
				CLANG_WARN__DUPLICATE_METHOD_MATCH = YES;
				CODE_SIGN_IDENTITY = "iPhone Developer";
				COPY_PHASE_STRIP = NO;
				DEBUG_INFORMATION_FORMAT = "dwarf-with-dsym";
				ENABLE_NS_ASSERTIONS = NO;
				ENABLE_STRICT_OBJC_MSGSEND = YES;
				GCC_C_LANGUAGE_STANDARD = gnu11;
				GCC_NO_COMMON_BLOCKS = YES;
				GCC_WARN_64_TO_32_BIT_CONVERSION = YES;
				GCC_WARN_ABOUT_RETURN_TYPE = YES_ERROR;
				GCC_WARN_UNDECLARED_SELECTOR = YES;
				GCC_WARN_UNINITIALIZED_AUTOS = YES_AGGRESSIVE;
				GCC_WARN_UNUSED_FUNCTION = YES;
				GCC_WARN_UNUSED_VARIABLE = YES;
				IPHONEOS_DEPLOYMENT_TARGET = 10.2;
				MTL_ENABLE_DEBUG_INFO = NO;
				SDKROOT = iphoneos;
				SWIFT_OPTIMIZATION_LEVEL = "-Owholemodule";
				VALIDATE_PRODUCT = YES;
			};
			name = Release;
		};
		A1BD7B3F1F117A5700E217FC /* Debug */ = {
			isa = XCBuildConfiguration;
			baseConfigurationReference = 64ED0C219B918AB667B73FBF /* Pods-chatty.debug.xcconfig */;
			buildSettings = {
				ASSETCATALOG_COMPILER_APPICON_NAME = AppIcon;
				DEVELOPMENT_TEAM = 93465BD3EZ;
				INFOPLIST_FILE = "$(SRCROOT)/chatty/Admin/Info.plist";
				IPHONEOS_DEPLOYMENT_TARGET = 10.2;
				LD_RUNPATH_SEARCH_PATHS = "$(inherited) @executable_path/Frameworks";
				PRODUCT_BUNDLE_IDENTIFIER = com.ethanxue.chatty;
				PRODUCT_NAME = "$(TARGET_NAME)";
				SWIFT_VERSION = 4.0;
				TARGETED_DEVICE_FAMILY = 1;
			};
			name = Debug;
		};
		A1BD7B401F117A5700E217FC /* Release */ = {
			isa = XCBuildConfiguration;
			baseConfigurationReference = E809C24D72F31C7A57FB7B07 /* Pods-chatty.release.xcconfig */;
			buildSettings = {
				ASSETCATALOG_COMPILER_APPICON_NAME = AppIcon;
				DEVELOPMENT_TEAM = 93465BD3EZ;
				INFOPLIST_FILE = "$(SRCROOT)/chatty/Admin/Info.plist";
				IPHONEOS_DEPLOYMENT_TARGET = 10.2;
				LD_RUNPATH_SEARCH_PATHS = "$(inherited) @executable_path/Frameworks";
				PRODUCT_BUNDLE_IDENTIFIER = com.ethanxue.chatty;
				PRODUCT_NAME = "$(TARGET_NAME)";
				SWIFT_VERSION = 4.0;
				TARGETED_DEVICE_FAMILY = 1;
			};
			name = Release;
		};
		A1BD7B421F117A5700E217FC /* Debug */ = {
			isa = XCBuildConfiguration;
			baseConfigurationReference = 1CCC2F5A1F0A40193EDE2DFB /* Pods-chattyTests.debug.xcconfig */;
			buildSettings = {
				ALWAYS_EMBED_SWIFT_STANDARD_LIBRARIES = YES;
				BUNDLE_LOADER = "$(TEST_HOST)";
				DEVELOPMENT_TEAM = 93465BD3EZ;
				INFOPLIST_FILE = chattyTests/Info.plist;
				LD_RUNPATH_SEARCH_PATHS = "$(inherited) @executable_path/Frameworks @loader_path/Frameworks";
				PRODUCT_BUNDLE_IDENTIFIER = ethan.xue.chattyTests;
				PRODUCT_NAME = "$(TARGET_NAME)";
				SWIFT_VERSION = 4.0;
				TARGETED_DEVICE_FAMILY = "1,2";
				TEST_HOST = "$(BUILT_PRODUCTS_DIR)/chatty.app/chatty";
			};
			name = Debug;
		};
		A1BD7B431F117A5700E217FC /* Release */ = {
			isa = XCBuildConfiguration;
			baseConfigurationReference = D4662942735C1DC5FEB224D7 /* Pods-chattyTests.release.xcconfig */;
			buildSettings = {
				ALWAYS_EMBED_SWIFT_STANDARD_LIBRARIES = YES;
				BUNDLE_LOADER = "$(TEST_HOST)";
				DEVELOPMENT_TEAM = 93465BD3EZ;
				INFOPLIST_FILE = chattyTests/Info.plist;
				LD_RUNPATH_SEARCH_PATHS = "$(inherited) @executable_path/Frameworks @loader_path/Frameworks";
				PRODUCT_BUNDLE_IDENTIFIER = ethan.xue.chattyTests;
				PRODUCT_NAME = "$(TARGET_NAME)";
				SWIFT_VERSION = 4.0;
				TARGETED_DEVICE_FAMILY = "1,2";
				TEST_HOST = "$(BUILT_PRODUCTS_DIR)/chatty.app/chatty";
			};
			name = Release;
		};
/* End XCBuildConfiguration section */

/* Begin XCConfigurationList section */
		A1BD7B191F117A5600E217FC /* Build configuration list for PBXProject "chatty" */ = {
			isa = XCConfigurationList;
			buildConfigurations = (
				A1BD7B3C1F117A5700E217FC /* Debug */,
				A1BD7B3D1F117A5700E217FC /* Release */,
			);
			defaultConfigurationIsVisible = 0;
			defaultConfigurationName = Release;
		};
		A1BD7B3E1F117A5700E217FC /* Build configuration list for PBXNativeTarget "chatty" */ = {
			isa = XCConfigurationList;
			buildConfigurations = (
				A1BD7B3F1F117A5700E217FC /* Debug */,
				A1BD7B401F117A5700E217FC /* Release */,
			);
			defaultConfigurationIsVisible = 0;
			defaultConfigurationName = Release;
		};
		A1BD7B411F117A5700E217FC /* Build configuration list for PBXNativeTarget "chattyTests" */ = {
			isa = XCConfigurationList;
			buildConfigurations = (
				A1BD7B421F117A5700E217FC /* Debug */,
				A1BD7B431F117A5700E217FC /* Release */,
			);
			defaultConfigurationIsVisible = 0;
			defaultConfigurationName = Release;
		};
/* End XCConfigurationList section */

/* Begin XCVersionGroup section */
		A1BD7B281F117A5600E217FC /* chatty.xcdatamodeld */ = {
			isa = XCVersionGroup;
			children = (
				A1BD7B291F117A5600E217FC /* chatty.xcdatamodel */,
			);
			currentVersion = A1BD7B291F117A5600E217FC /* chatty.xcdatamodel */;
			path = chatty.xcdatamodeld;
			sourceTree = "<group>";
			versionGroupType = wrapper.xcdatamodel;
		};
/* End XCVersionGroup section */
	};
	rootObject = A1BD7B161F117A5600E217FC /* Project object */;
}
